# This file is autogenerated, do not edit; changes may be undone by the next 'dep ensure'.


[[projects]]
  branch = "master"
  digest = "1:0e707b696482e29296973f605aae92ee90bc8e5299728d1f7201bca5f650d12c"
  name = "github.com/go-akka/configuration"
  packages = [
    ".",
    "hocon",
  ]
  pruneopts = ""
  revision = "6065b2d05c3b6fe74694a73c9673806a970679e0"

[[projects]]
  branch = "master"
  digest = "1:545053512529415ccbe9309a3e428dfaaff408772ed5f0c405ec7d467f47b8e0"
  name = "github.com/gogap/config"
  packages = ["."]
  pruneopts = ""
  revision = "a1522129698c2ffaf1089351ad23156a1208ed09"

[[projects]]
  branch = "master"
  digest = "1:79cc6e5f73c9a3ff45328b5b4336f6af5e78adef3c663c311e158bf233e6ab83"
  name = "github.com/gogap/logrus_mate"
  packages = ["."]
  pruneopts = ""
  revision = "d848243b0250547d699d7bf0b73827e9545bded2"

[[projects]]
  digest = "1:6a874e3ddfb9db2b42bd8c85b6875407c702fa868eed20634ff489bc896ccfd3"
  name = "github.com/konsorten/go-windows-terminal-sequences"
  packages = ["."]
  pruneopts = ""
  revision = "5c8c8bd35d3832f5d134ae1e1e375b69a4d25242"
  version = "v1.0.1"

[[projects]]
  digest = "1:9d57e200ef5ccc4217fe0a34287308bac652435e7c6513f6263e0493d2245c56"
  name = "github.com/sirupsen/logrus"
  packages = ["."]
  pruneopts = ""
  revision = "bcd833dfe83d3cebad139e4a29ed79cb2318bf95"
  version = "v1.2.0"

[[projects]]
  branch = "master"
  digest = "1:a242f23ceb22423c0a2111d9488a2ab19a2e817111a4f3e2385f5f89a53e619f"
  name = "golang.org/x/crypto"
  packages = ["ssh/terminal"]
  pruneopts = ""
  revision = "e4dc69e5b2fd71dcaf8bd5d054eb936deb78d1fa"

[[projects]]
  branch = "master"
  digest = "1:3f5c191d90f1cf365ff1f88e4b08eb766ee6ade1cb2e4efd7c316cf7e015ac17"
  name = "golang.org/x/sys"
  packages = [
    "unix",
    "windows",
  ]
  pruneopts = ""
  revision = "66b7b1311ac80bbafcd2daeef9a5e6e2cd1e2399"

[solve-meta]
  analyzer-name = "dep"
  analyzer-version = 1
  input-imports = [
    "github.com/gogap/config",
    "github.com/gogap/logrus_mate",
    "github.com/sirupsen/logrus",
  ]
  solver-name = "gps-cdcl"
  solver-version = 1
